
Microsoft Visual Studio Solution File, Format Version 12.00
# Visual Studio Version 16
VisualStudioVersion = 16.0.29411.108
MinimumVisualStudioVersion = 10.0.40219.1
Project("{FAE04EC0-301F-11D3-BF4B-00C04F79EFBC}") = "WeaponAndEnemyEditor", "WeaponAndEnemyEditor.csproj", "{DBA67E35-358A-4CED-B883-BC260B10A664}"
EndProject
Global
	GlobalSection(SolutionConfigurationPlatforms) = preSolution
		Debug|Any CPU = Debug|Any CPU
		Release|Any CPU = Release|Any CPU
	EndGlobalSection
	GlobalSection(ProjectConfigurationPlatforms) = postSolution
		{DBA67E35-358A-4CED-B883-BC260B10A664}.Debug|Any CPU.ActiveCfg = Debug|Any CPU
		{DBA67E35-358A-4CED-B883-BC260B10A664}.Debug|Any CPU.Build.0 = Debug|Any CPU
		{DBA67E35-358A-4CED-B883-BC260B10A664}.Release|Any CPU.ActiveCfg = Release|Any CPU
		{DBA67E35-358A-4CED-B883-BC260B10A664}.Release|Any CPU.Build.0 = Release|Any CPU
	EndGlobalSection
	GlobalSection(SolutionProperties) = preSolution
		HideSolutionNode = FALSE
	EndGlobalSection
	GlobalSection(ExtensibilityGlobals) = postSolution
		SolutionGuid = {688838B7-0F7E-45BC-898A-78E8F2F8045B}
	EndGlobalSection
EndGlobal
